
Microsoft Visual Studio Solution File, Format Version 12.00
# Visual Studio 2013
VisualStudioVersion = 12.0.30723.0
MinimumVisualStudioVersion = 10.0.40219.1
Project("{FAE04EC0-301F-11D3-BF4B-00C04F79EFBC}") = "ToDo.Web", "ToDo.Web\ToDo.Web.csproj", "{D21B9A99-A054-4786-B773-3A2B0445A7FA}"
EndProject
Project("{FAE04EC0-301F-11D3-BF4B-00C04F79EFBC}") = "ToDo.Domain", "ToDo.Domain\ToDo.Domain.csproj", "{C181E041-C515-47F2-9770-1B73FEB891CA}"
EndProject
Global
	GlobalSection(SolutionConfigurationPlatforms) = preSolution
		Debug|Any CPU = Debug|Any CPU
		Release|Any CPU = Release|Any CPU
	EndGlobalSection
	GlobalSection(ProjectConfigurationPlatforms) = postSolution
		{D21B9A99-A054-4786-B773-3A2B0445A7FA}.Debug|Any CPU.ActiveCfg = Debug|Any CPU
		{D21B9A99-A054-4786-B773-3A2B0445A7FA}.Debug|Any CPU.Build.0 = Debug|Any CPU
		{D21B9A99-A054-4786-B773-3A2B0445A7FA}.Release|Any CPU.ActiveCfg = Release|Any CPU
		{D21B9A99-A054-4786-B773-3A2B0445A7FA}.Release|Any CPU.Build.0 = Release|Any CPU
		{C181E041-C515-47F2-9770-1B73FEB891CA}.Debug|Any CPU.ActiveCfg = Debug|Any CPU
		{C181E041-C515-47F2-9770-1B73FEB891CA}.Debug|Any CPU.Build.0 = Debug|Any CPU
		{C181E041-C515-47F2-9770-1B73FEB891CA}.Release|Any CPU.ActiveCfg = Release|Any CPU
		{C181E041-C515-47F2-9770-1B73FEB891CA}.Release|Any CPU.Build.0 = Release|Any CPU
	EndGlobalSection
	GlobalSection(SolutionProperties) = preSolution
		HideSolutionNode = FALSE
	EndGlobalSection
EndGlobal
